
Microsoft Visual Studio Solution File, Format Version 12.00
# Visual Studio 2013
VisualStudioVersion = 12.0.30110.0
MinimumVisualStudioVersion = 10.0.40219.1
Project("{FAE04EC0-301F-11D3-BF4B-00C04F79EFBC}") = "Authenticated", "Authenticated\Authenticated.csproj", "{B67D61B6-E37D-40FB-89B4-456B64C203B9}"
EndProject
Project("{FAE04EC0-301F-11D3-BF4B-00C04F79EFBC}") = "Authenticated.Tests", "Authenticated.Tests\Authenticated.Tests.csproj", "{0AC16B50-E09B-400F-B23E-E101E4DC47E5}"
EndProject
Global
	GlobalSection(SolutionConfigurationPlatforms) = preSolution
		Debug|Any CPU = Debug|Any CPU
		Release|Any CPU = Release|Any CPU
	EndGlobalSection
	GlobalSection(ProjectConfigurationPlatforms) = postSolution
		{B67D61B6-E37D-40FB-89B4-456B64C203B9}.Debug|Any CPU.ActiveCfg = Debug|Any CPU
		{B67D61B6-E37D-40FB-89B4-456B64C203B9}.Debug|Any CPU.Build.0 = Debug|Any CPU
		{B67D61B6-E37D-40FB-89B4-456B64C203B9}.Release|Any CPU.ActiveCfg = Release|Any CPU
		{B67D61B6-E37D-40FB-89B4-456B64C203B9}.Release|Any CPU.Build.0 = Release|Any CPU
		{0AC16B50-E09B-400F-B23E-E101E4DC47E5}.Debug|Any CPU.ActiveCfg = Debug|Any CPU
		{0AC16B50-E09B-400F-B23E-E101E4DC47E5}.Debug|Any CPU.Build.0 = Debug|Any CPU
		{0AC16B50-E09B-400F-B23E-E101E4DC47E5}.Release|Any CPU.ActiveCfg = Release|Any CPU
		{0AC16B50-E09B-400F-B23E-E101E4DC47E5}.Release|Any CPU.Build.0 = Release|Any CPU
	EndGlobalSection
	GlobalSection(SolutionProperties) = preSolution
		HideSolutionNode = FALSE
	EndGlobalSection
EndGlobal
